// !$*UTF8*$!
{
	archiveVersion = 1;
	classes = {
	};
	objectVersion = 50;
	objects = {

/* Begin PBXBuildFile section */
		42300B8C2317FD880081F3BE /* AppDelegate.swift in Sources */ = {isa = PBXBuildFile; fileRef = 42300B8B2317FD880081F3BE /* AppDelegate.swift */; };
		42300B8E2317FD880081F3BE /* ViewController.swift in Sources */ = {isa = PBXBuildFile; fileRef = 42300B8D2317FD880081F3BE /* ViewController.swift */; };
		42300B912317FD880081F3BE /* Main.storyboard in Resources */ = {isa = PBXBuildFile; fileRef = 42300B8F2317FD880081F3BE /* Main.storyboard */; };
		42300B932317FD890081F3BE /* Assets.xcassets in Resources */ = {isa = PBXBuildFile; fileRef = 42300B922317FD890081F3BE /* Assets.xcassets */; };
		42300B962317FD890081F3BE /* LaunchScreen.storyboard in Resources */ = {isa = PBXBuildFile; fileRef = 42300B942317FD890081F3BE /* LaunchScreen.storyboard */; };
		42300B9E2317FDB20081F3BE /* ShadowPressButton.swift in Sources */ = {isa = PBXBuildFile; fileRef = 42300B9D2317FDB20081F3BE /* ShadowPressButton.swift */; };
/* End PBXBuildFile section */

/* Begin PBXFileReference section */
		42300B882317FD880081F3BE /* ButtonPressShadow.app */ = {isa = PBXFileReference; explicitFileType = wrapper.application; includeInIndex = 0; path = ButtonPressShadow.app; sourceTree = BUILT_PRODUCTS_DIR; };
		42300B8B2317FD880081F3BE /* AppDelegate.swift */ = {isa = PBXFileReference; lastKnownFileType = sourcecode.swift; path = AppDelegate.swift; sourceTree = "<group>"; };
		42300B8D2317FD880081F3BE /* ViewController.swift */ = {isa = PBXFileReference; lastKnownFileType = sourcecode.swift; path = ViewController.swift; sourceTree = "<group>"; };
		42300B902317FD880081F3BE /* Base */ = {isa = PBXFileReference; lastKnownFileType = file.storyboard; name = Base; path = Base.lproj/Main.storyboard; sourceTree = "<group>"; };
		42300B922317FD890081F3BE /* Assets.xcassets */ = {isa = PBXFileReference; lastKnownFileType = folder.assetcatalog; path = Assets.xcassets; sourceTree = "<group>"; };
		42300B952317FD890081F3BE /* Base */ = {isa = PBXFileReference; lastKnownFileType = file.storyboard; name = Base; path = Base.lproj/LaunchScreen.storyboard; sourceTree = "<group>"; };
		42300B972317FD890081F3BE /* Info.plist */ = {isa = PBXFileReference; lastKnownFileType = text.plist.xml; path = Info.plist; sourceTree = "<group>"; };
		42300B9D2317FDB20081F3BE /* ShadowPressButton.swift */ = {isa = PBXFileReference; lastKnownFileType = sourcecode.swift; path = ShadowPressButton.swift; sourceTree = "<group>"; };
/* End PBXFileReference section */

/* Begin PBXFrameworksBuildPhase section */
		42300B852317FD880081F3BE /* Frameworks */ = {
			isa = PBXFrameworksBuildPhase;
			buildActionMask = 2147483647;
			files = (
			);
			runOnlyForDeploymentPostprocessing = 0;
		};
/* End PBXFrameworksBuildPhase section */

/* Begin PBXGroup section */
		42300B7F2317FD880081F3BE = {
			isa = PBXGroup;
			children = (
				42300B8A2317FD880081F3BE /* ButtonPressShadow */,
				42300B892317FD880081F3BE /* Products */,
			);
			sourceTree = "<group>";
		};
		42300B892317FD880081F3BE /* Products */ = {
			isa = PBXGroup;
			children = (
				42300B882317FD880081F3BE /* ButtonPressShadow.app */,
			);
			name = Products;
			sourceTree = "<group>";
		};
		42300B8A2317FD880081F3BE /* ButtonPressShadow */ = {
			isa = PBXGroup;
			children = (
				42300B8B2317FD880081F3BE /* AppDelegate.swift */,
				42300B8D2317FD880081F3BE /* ViewController.swift */,
				42300B8F2317FD880081F3BE /* Main.storyboard */,
				42300B9D2317FDB20081F3BE /* ShadowPressButton.swift */,
				42300B922317FD890081F3BE /* Assets.xcassets */,
				42300B942317FD890081F3BE /* LaunchScreen.storyboard */,
				42300B972317FD890081F3BE /* Info.plist */,
			);
			path = ButtonPressShadow;
			sourceTree = "<group>";
		};
/* End PBXGroup section */

/* Begin PBXNativeTarget section */
		42300B872317FD880081F3BE /* ButtonPressShadow */ = {
			isa = PBXNativeTarget;
			buildConfigurationList = 42300B9A2317FD890081F3BE /* Build configuration list for PBXNativeTarget "ButtonPressShadow" */;
			buildPhases = (
				42300B842317FD880081F3BE /* Sources */,
				42300B852317FD880081F3BE /* Frameworks */,
				42300B862317FD880081F3BE /* Resources */,
			);
			buildRules = (
			);
			dependencies = (
			);
			name = ButtonPressShadow;
			productName = ButtonPressShadow;
			productReference = 42300B882317FD880081F3BE /* ButtonPressShadow.app */;
			productType = "com.apple.product-type.application";
		};
/* End PBXNativeTarget section */

/* Begin PBXProject section */
		42300B802317FD880081F3BE /* Project object */ = {
			isa = PBXProject;
			attributes = {
				LastSwiftUpdateCheck = 1030;
				LastUpgradeCheck = 1030;
				ORGANIZATIONNAME = "Всеволод Андрющенко";
				TargetAttributes = {
					42300B872317FD880081F3BE = {
						CreatedOnToolsVersion = 10.3;
					};
				};
			};
			buildConfigurationList = 42300B832317FD880081F3BE /* Build configuration list for PBXProject "ButtonPressShadow" */;
			compatibilityVersion = "Xcode 9.3";
			developmentRegion = en;
			hasScannedForEncodings = 0;
			knownRegions = (
				en,
				Base,
			);
			mainGroup = 42300B7F2317FD880081F3BE;
			productRefGroup = 42300B892317FD880081F3BE /* Products */;
			projectDirPath = "";
			projectRoot = "";
			targets = (
				42300B872317FD880081F3BE /* ButtonPressShadow */,
			);
		};
/* End PBXProject section */

/* Begin PBXResourcesBuildPhase section */
		42300B862317FD880081F3BE /* Resources */ = {
			isa = PBXResourcesBuildPhase;
			buildActionMask = 2147483647;
			files = (
				42300B962317FD890081F3BE /* LaunchScreen.storyboard in Resources */,
				42300B932317FD890081F3BE /* Assets.xcassets in Resources */,
				42300B912317FD880081F3BE /* Main.storyboard in Resources */,
			);
			runOnlyForDeploymentPostprocessing = 0;
		};
/* End PBXResourcesBuildPhase section */

/* Begin PBXSourcesBuildPhase section */
		42300B842317FD880081F3BE /* Sources */ = {
			isa = PBXSourcesBuildPhase;
			buildActionMask = 2147483647;
			files = (
				42300B9E2317FDB20081F3BE /* ShadowPressButton.swift in Sources */,
				42300B8E2317FD880081F3BE /* ViewController.swift in Sources */,
				42300B8C2317FD880081F3BE /* AppDelegate.swift in Sources */,
			);
			runOnlyForDeploymentPostprocessing = 0;
		};
/* End PBXSourcesBuildPhase section */

/* Begin PBXVariantGroup section */
		42300B8F2317FD880081F3BE /* Main.storyboard */ = {
			isa = PBXVariantGroup;
			children = (
				42300B902317FD880081F3BE /* Base */,
			);
			name = Main.storyboard;
			sourceTree = "<group>";
		};
		42300B942317FD890081F3BE /* LaunchScreen.storyboard */ = {
			isa = PBXVariantGroup;
			children = (
				42300B952317FD890081F3BE /* Base */,
			);
			name = LaunchScreen.storyboard;
			sourceTree = "<group>";
		};
/* End PBXVariantGroup section */

/* Begin XCBuildConfiguration section */
		42300B982317FD890081F3BE /* Debug */ = {
			isa = XCBuildConfiguration;
			buildSettings = {
				ALWAYS_SEARCH_USER_PATHS = NO;
				CLANG_ANALYZER_NONNULL = YES;
				CLANG_ANALYZER_NUMBER_OBJECT_CONVERSION = YES_AGGRESSIVE;
				CLANG_CXX_LANGUAGE_STANDARD = "gnu++14";
				CLANG_CXX_LIBRARY = "libc++";
				CLANG_ENABLE_MODULES = YES;
				CLANG_ENABLE_OBJC_ARC = YES;
				CLANG_ENABLE_OBJC_WEAK = YES;
				CLANG_WARN_BLOCK_CAPTURE_AUTORELEASING = YES;
				CLANG_WARN_BOOL_CONVERSION = YES;
				CLANG_WARN_COMMA = YES;
				CLANG_WARN_CONSTANT_CONVERSION = YES;
				CLANG_WARN_DEPRECATED_OBJC_IMPLEMENTATIONS = YES;
				CLANG_WARN_DIRECT_OBJC_ISA_USAGE = YES_ERROR;
				CLANG_WARN_DOCUMENTATION_COMMENTS = YES;
				CLANG_WARN_EMPTY_BODY = YES;
				CLANG_WARN_ENUM_CONVERSION = YES;
				CLANG_WARN_INFINITE_RECURSION = YES;
				CLANG_WARN_INT_CONVERSION = YES;
				CLANG_WARN_NON_LITERAL_NULL_CONVERSION = YES;
				CLANG_WARN_OBJC_IMPLICIT_RETAIN_SELF = YES;
				CLANG_WARN_OBJC_LITERAL_CONVERSION = YES;
				CLANG_WARN_OBJC_ROOT_CLASS = YES_ERROR;
				CLANG_WARN_RANGE_LOOP_ANALYSIS = YES;
				CLANG_WARN_STRICT_PROTOTYPES = YES;
				CLANG_WARN_SUSPICIOUS_MOVE = YES;
				CLANG_WARN_UNGUARDED_AVAILABILITY = YES_AGGRESSIVE;
				CLANG_WARN_UNREACHABLE_CODE = YES;
				CLANG_WARN__DUPLICATE_METHOD_MATCH = YES;
				CODE_SIGN_IDENTITY = "iPhone Developer";
				COPY_PHASE_STRIP = NO;
				DEBUG_INFORMATION_FORMAT = dwarf;
				ENABLE_STRICT_OBJC_MSGSEND = YES;
				ENABLE_TESTABILITY = YES;
				GCC_C_LANGUAGE_STANDARD = gnu11;
				GCC_DYNAMIC_NO_PIC = NO;
				GCC_NO_COMMON_BLOCKS = YES;
				GCC_OPTIMIZATION_LEVEL = 0;
				GCC_PREPROCESSOR_DEFINITIONS = (
					"DEBUG=1",
					"$(inherited)",
				);
				GCC_WARN_64_TO_32_BIT_CONVERSION = YES;
				GCC_WARN_ABOUT_RETURN_TYPE = YES_ERROR;
				GCC_WARN_UNDECLARED_SELECTOR = YES;
				GCC_WARN_UNINITIALIZED_AUTOS = YES_AGGRESSIVE;
				GCC_WARN_UNUSED_FUNCTION = YES;
				GCC_WARN_UNUSED_VARIABLE = YES;
				IPHONEOS_DEPLOYMENT_TARGET = 12.4;
				MTL_ENABLE_DEBUG_INFO = INCLUDE_SOURCE;
				MTL_FAST_MATH = YES;
				ONLY_ACTIVE_ARCH = YES;
				SDKROOT = iphoneos;
				SWIFT_ACTIVE_COMPILATION_CONDITIONS = DEBUG;
				SWIFT_OPTIMIZATION_LEVEL = "-Onone";
			};
			name = Debug;
		};
		42300B992317FD890081F3BE /* Release */ = {
			isa = XCBuildConfiguration;
			buildSettings = {
				ALWAYS_SEARCH_USER_PATHS = NO;
				CLANG_ANALYZER_NONNULL = YES;
				CLANG_ANALYZER_NUMBER_OBJECT_CONVERSION = YES_AGGRESSIVE;
				CLANG_CXX_LANGUAGE_STANDARD = "gnu++14";
				CLANG_CXX_LIBRARY = "libc++";
				CLANG_ENABLE_MODULES = YES;
				CLANG_ENABLE_OBJC_ARC = YES;
				CLANG_ENABLE_OBJC_WEAK = YES;
				CLANG_WARN_BLOCK_CAPTURE_AUTORELEASING = YES;
				CLANG_WARN_BOOL_CONVERSION = YES;
				CLANG_WARN_COMMA = YES;
				CLANG_WARN_CONSTANT_CONVERSION = YES;
				CLANG_WARN_DEPRECATED_OBJC_IMPLEMENTATIONS = YES;
				CLANG_WARN_DIRECT_OBJC_ISA_USAGE = YES_ERROR;
				CLANG_WARN_DOCUMENTATION_COMMENTS = YES;
				CLANG_WARN_EMPTY_BODY = YES;
				CLANG_WARN_ENUM_CONVERSION = YES;
				CLANG_WARN_INFINITE_RECURSION = YES;
				CLANG_WARN_INT_CONVERSION = YES;
				CLANG_WARN_NON_LITERAL_NULL_CONVERSION = YES;
				CLANG_WARN_OBJC_IMPLICIT_RETAIN_SELF = YES;
				CLANG_WARN_OBJC_LITERAL_CONVERSION = YES;
				CLANG_WARN_OBJC_ROOT_CLASS = YES_ERROR;
				CLANG_WARN_RANGE_LOOP_ANALYSIS = YES;
				CLANG_WARN_STRICT_PROTOTYPES = YES;
				CLANG_WARN_SUSPICIOUS_MOVE = YES;
				CLANG_WARN_UNGUARDED_AVAILABILITY = YES_AGGRESSIVE;
				CLANG_WARN_UNREACHABLE_CODE = YES;
				CLANG_WARN__DUPLICATE_METHOD_MATCH = YES;
				CODE_SIGN_IDENTITY = "iPhone Developer";
				COPY_PHASE_STRIP = NO;
				DEBUG_INFORMATION_FORMAT = "dwarf-with-dsym";
				ENABLE_NS_ASSERTIONS = NO;
				ENABLE_STRICT_OBJC_MSGSEND = YES;
				GCC_C_LANGUAGE_STANDARD = gnu11;
				GCC_NO_COMMON_BLOCKS = YES;
				GCC_WARN_64_TO_32_BIT_CONVERSION = YES;
				GCC_WARN_ABOUT_RETURN_TYPE = YES_ERROR;
				GCC_WARN_UNDECLARED_SELECTOR = YES;
				GCC_WARN_UNINITIALIZED_AUTOS = YES_AGGRESSIVE;
				GCC_WARN_UNUSED_FUNCTION = YES;
				GCC_WARN_UNUSED_VARIABLE = YES;
				IPHONEOS_DEPLOYMENT_TARGET = 12.4;
				MTL_ENABLE_DEBUG_INFO = NO;
				MTL_FAST_MATH = YES;
				SDKROOT = iphoneos;
				SWIFT_COMPILATION_MODE = wholemodule;
				SWIFT_OPTIMIZATION_LEVEL = "-O";
				VALIDATE_PRODUCT = YES;
			};
			name = Release;
		};
		42300B9B2317FD890081F3BE /* Debug */ = {
			isa = XCBuildConfiguration;
			buildSettings = {
				ASSETCATALOG_COMPILER_APPICON_NAME = AppIcon;
				CODE_SIGN_STYLE = Automatic;
				DEVELOPMENT_TEAM = ZVKQ6JXF49;
				INFOPLIST_FILE = ButtonPressShadow/Info.plist;
				LD_RUNPATH_SEARCH_PATHS = (
					"$(inherited)",
					"@executable_path/Frameworks",
				);
				PRODUCT_BUNDLE_IDENTIFIER = "-.ButtonPressShadow";
				PRODUCT_NAME = "$(TARGET_NAME)";
				SWIFT_VERSION = 5.0;
				TARGETED_DEVICE_FAMILY = "1,2";
			};
			name = Debug;
		};
		42300B9C2317FD890081F3BE /* Release */ = {
			isa = XCBuildConfiguration;
			buildSettings = {
				ASSETCATALOG_COMPILER_APPICON_NAME = AppIcon;
				CODE_SIGN_STYLE = Automatic;
				DEVELOPMENT_TEAM = ZVKQ6JXF49;
				INFOPLIST_FILE = ButtonPressShadow/Info.plist;
				LD_RUNPATH_SEARCH_PATHS = (
					"$(inherited)",
					"@executable_path/Frameworks",
				);
				PRODUCT_BUNDLE_IDENTIFIER = "-.ButtonPressShadow";
				PRODUCT_NAME = "$(TARGET_NAME)";
				SWIFT_VERSION = 5.0;
				TARGETED_DEVICE_FAMILY = "1,2";
			};
			name = Release;
		};
/* End XCBuildConfiguration section */

/* Begin XCConfigurationList section */
		42300B832317FD880081F3BE /* Build configuration list for PBXProject "ButtonPressShadow" */ = {
			isa = XCConfigurationList;
			buildConfigurations = (
				42300B982317FD890081F3BE /* Debug */,
				42300B992317FD890081F3BE /* Release */,
			);
			defaultConfigurationIsVisible = 0;
			defaultConfigurationName = Release;
		};
		42300B9A2317FD890081F3BE /* Build configuration list for PBXNativeTarget "ButtonPressShadow" */ = {
			isa = XCConfigurationList;
			buildConfigurations = (
				42300B9B2317FD890081F3BE /* Debug */,
				42300B9C2317FD890081F3BE /* Release */,
			);
			defaultConfigurationIsVisible = 0;
			defaultConfigurationName = Release;
		};
/* End XCConfigurationList section */
	};
	rootObject = 42300B802317FD880081F3BE /* Project object */;
}
